
Microsoft Visual Studio Solution File, Format Version 12.00
# Visual Studio Version 17
VisualStudioVersion = 17.9.34728.123
MinimumVisualStudioVersion = 10.0.40219.1
Project("{FAE04EC0-301F-11D3-BF4B-00C04F79EFBC}") = "PasswordResetApp", "PasswordResetApp\PasswordResetApp.csproj", "{D40078BC-768A-4056-9AC1-2F141AB7F306}"
EndProject
Global
	GlobalSection(SolutionConfigurationPlatforms) = preSolution
		Debug|Any CPU = Debug|Any CPU
		Release|Any CPU = Release|Any CPU
	EndGlobalSection
	GlobalSection(ProjectConfigurationPlatforms) = postSolution
		{D40078BC-768A-4056-9AC1-2F141AB7F306}.Debug|Any CPU.ActiveCfg = Debug|Any CPU
		{D40078BC-768A-4056-9AC1-2F141AB7F306}.Debug|Any CPU.Build.0 = Debug|Any CPU
		{D40078BC-768A-4056-9AC1-2F141AB7F306}.Release|Any CPU.ActiveCfg = Release|Any CPU
		{D40078BC-768A-4056-9AC1-2F141AB7F306}.Release|Any CPU.Build.0 = Release|Any CPU
	EndGlobalSection
	GlobalSection(SolutionProperties) = preSolution
		HideSolutionNode = FALSE
	EndGlobalSection
	GlobalSection(ExtensibilityGlobals) = postSolution
		SolutionGuid = {78517777-3607-4A61-BF7D-58FDAFD423D6}
	EndGlobalSection
EndGlobal
